// !$*UTF8*$!
{
	archiveVersion = 1;
	classes = {
	};
	objectVersion = 50;
	objects = {

/* Begin PBXBuildFile section */
		1705C16A24E91D6900790714 /* KCUserModel.m in Sources */ = {isa = PBXBuildFile; fileRef = 1705C16924E91D6900790714 /* KCUserModel.m */; };
		17102C1124A1AE5300B828F9 /* KCMainViewController.m in Sources */ = {isa = PBXBuildFile; fileRef = 17102C0F24A1AE5300B828F9 /* KCMainViewController.m */; };
		17102C1224A1AE5300B828F9 /* KCMainViewController.xib in Resources */ = {isa = PBXBuildFile; fileRef = 17102C1024A1AE5300B828F9 /* KCMainViewController.xib */; };
		17102C1624A1AE6300B828F9 /* KCIMViewController.m in Sources */ = {isa = PBXBuildFile; fileRef = 17102C1424A1AE6300B828F9 /* KCIMViewController.m */; };
		17102C1724A1AE6300B828F9 /* KCIMViewController.xib in Resources */ = {isa = PBXBuildFile; fileRef = 17102C1524A1AE6300B828F9 /* KCIMViewController.xib */; };
		17102C1B24A1AE7100B828F9 /* KCAccountViewController.m in Sources */ = {isa = PBXBuildFile; fileRef = 17102C1924A1AE7100B828F9 /* KCAccountViewController.m */; };
		17102C1C24A1AE7100B828F9 /* KCAccountViewController.xib in Resources */ = {isa = PBXBuildFile; fileRef = 17102C1A24A1AE7100B828F9 /* KCAccountViewController.xib */; };
		17102C2524A1AE9300B828F9 /* KCEducationViewController.m in Sources */ = {isa = PBXBuildFile; fileRef = 17102C2324A1AE9300B828F9 /* KCEducationViewController.m */; };
		17102C2624A1AE9300B828F9 /* KCEducationViewController.xib in Resources */ = {isa = PBXBuildFile; fileRef = 17102C2424A1AE9300B828F9 /* KCEducationViewController.xib */; };
		17175FD824A0D5AD0067EF54 /* NSString+Hash.m in Sources */ = {isa = PBXBuildFile; fileRef = 17175FD724A0D5AD0067EF54 /* NSString+Hash.m */; };
		17175FDB24A0D7960067EF54 /* NSDate+ZKDateTools.m in Sources */ = {isa = PBXBuildFile; fileRef = 17175FDA24A0D7960067EF54 /* NSDate+ZKDateTools.m */; };
		17175FDE24A0D81B0067EF54 /* EventCalender.m in Sources */ = {isa = PBXBuildFile; fileRef = 17175FDD24A0D81B0067EF54 /* EventCalender.m */; };
		17175FE424A0DA160067EF54 /* ZKDateTools.m in Sources */ = {isa = PBXBuildFile; fileRef = 17175FE324A0DA160067EF54 /* ZKDateTools.m */; };
		17175FE724A0E3830067EF54 /* ZKNavigationViewController.m in Sources */ = {isa = PBXBuildFile; fileRef = 17175FE624A0E3830067EF54 /* ZKNavigationViewController.m */; };
		17175FEA24A0E3D50067EF54 /* ZKPageViewController.m in Sources */ = {isa = PBXBuildFile; fileRef = 17175FE924A0E3D50067EF54 /* ZKPageViewController.m */; };
		17175FEF24A0EA2F0067EF54 /* KCLoginViewController.m in Sources */ = {isa = PBXBuildFile; fileRef = 17175FED24A0EA2F0067EF54 /* KCLoginViewController.m */; };
		17175FF024A0EA2F0067EF54 /* KCLoginViewController.xib in Resources */ = {isa = PBXBuildFile; fileRef = 17175FEE24A0EA2F0067EF54 /* KCLoginViewController.xib */; };
		17261B8424A9A04B00DB04E1 /* KCTextFeildTool.m in Sources */ = {isa = PBXBuildFile; fileRef = 17261B8324A9A04B00DB04E1 /* KCTextFeildTool.m */; };
		17261B8724A9A8F300DB04E1 /* KCCodeView.m in Sources */ = {isa = PBXBuildFile; fileRef = 17261B8624A9A8F300DB04E1 /* KCCodeView.m */; };
		17261B8924A9EFD900DB04E1 /* NetWork.plist in Resources */ = {isa = PBXBuildFile; fileRef = 17261B8824A9EFD900DB04E1 /* NetWork.plist */; };
		17261B8F24AAD5A300DB04E1 /* KCRegisterViewController.m in Sources */ = {isa = PBXBuildFile; fileRef = 17261B8D24AAD5A300DB04E1 /* KCRegisterViewController.m */; };
		17261B9024AAD5A300DB04E1 /* KCRegisterViewController.xib in Resources */ = {isa = PBXBuildFile; fileRef = 17261B8E24AAD5A300DB04E1 /* KCRegisterViewController.xib */; };
		17261B9424AB175800DB04E1 /* KCVerifyCodeViewController.m in Sources */ = {isa = PBXBuildFile; fileRef = 17261B9224AB175800DB04E1 /* KCVerifyCodeViewController.m */; };
		17261B9524AB175800DB04E1 /* KCVerifyCodeViewController.xib in Resources */ = {isa = PBXBuildFile; fileRef = 17261B9324AB175800DB04E1 /* KCVerifyCodeViewController.xib */; };
		17261B9A24AC228000DB04E1 /* KCArticleTableViewCell.m in Sources */ = {isa = PBXBuildFile; fileRef = 17261B9824AC228000DB04E1 /* KCArticleTableViewCell.m */; };
		17261B9B24AC228000DB04E1 /* KCArticleTableViewCell.xib in Resources */ = {isa = PBXBuildFile; fileRef = 17261B9924AC228000DB04E1 /* KCArticleTableViewCell.xib */; };
		17261B9E24AC25C600DB04E1 /* KCArticleModel.m in Sources */ = {isa = PBXBuildFile; fileRef = 17261B9D24AC25C600DB04E1 /* KCArticleModel.m */; };
		17261BA224AC353500DB04E1 /* KCArticleDetailViewController.m in Sources */ = {isa = PBXBuildFile; fileRef = 17261BA024AC353500DB04E1 /* KCArticleDetailViewController.m */; };
		17261BA324AC353500DB04E1 /* KCArticleDetailViewController.xib in Resources */ = {isa = PBXBuildFile; fileRef = 17261BA124AC353500DB04E1 /* KCArticleDetailViewController.xib */; };
		17295DCB24B56FBC0057CC8A /* KCConsultViewController.m in Sources */ = {isa = PBXBuildFile; fileRef = 17295DC924B56FBC0057CC8A /* KCConsultViewController.m */; };
		17295DCC24B56FBC0057CC8A /* KCConsultViewController.xib in Resources */ = {isa = PBXBuildFile; fileRef = 17295DCA24B56FBC0057CC8A /* KCConsultViewController.xib */; };
		17295DD024B6F1000057CC8A /* contentScrollView.m in Sources */ = {isa = PBXBuildFile; fileRef = 17295DCF24B6F1000057CC8A /* contentScrollView.m */; };
		17295DD324B6F1120057CC8A /* bottomScrollView.m in Sources */ = {isa = PBXBuildFile; fileRef = 17295DD224B6F1120057CC8A /* bottomScrollView.m */; };
		172E996A24D2AA1400F899CA /* KCConsultCellTableViewCell.m in Sources */ = {isa = PBXBuildFile; fileRef = 172E996824D2AA1400F899CA /* KCConsultCellTableViewCell.m */; };
		172E996B24D2AA1400F899CA /* KCConsultCellTableViewCell.xib in Resources */ = {isa = PBXBuildFile; fileRef = 172E996924D2AA1400F899CA /* KCConsultCellTableViewCell.xib */; };
		173B654F24A8CD8200B08094 /* passwordInViewController.m in Sources */ = {isa = PBXBuildFile; fileRef = 173B654D24A8CD8200B08094 /* passwordInViewController.m */; };
		173B655024A8CD8200B08094 /* passwordInViewController.xib in Resources */ = {isa = PBXBuildFile; fileRef = 173B654E24A8CD8200B08094 /* passwordInViewController.xib */; };
		173B655424A8D2F600B08094 /* KCResetPasswordViewController.m in Sources */ = {isa = PBXBuildFile; fileRef = 173B655224A8D2F600B08094 /* KCResetPasswordViewController.m */; };
		173B655524A8D2F600B08094 /* KCResetPasswordViewController.xib in Resources */ = {isa = PBXBuildFile; fileRef = 173B655324A8D2F600B08094 /* KCResetPasswordViewController.xib */; };
		175A9AA324A2F2840047207C /* CYLTabBarControllerConfig.m in Sources */ = {isa = PBXBuildFile; fileRef = 175A9AA224A2F2840047207C /* CYLTabBarControllerConfig.m */; };
		17B1174424D00F55007E2442 /* UIImage+ZK.m in Sources */ = {isa = PBXBuildFile; fileRef = 17B1174324D00F55007E2442 /* UIImage+ZK.m */; };
		17B2C97024BD589500AD4E46 /* KCIMTableViewCell.m in Sources */ = {isa = PBXBuildFile; fileRef = 17B2C96E24BD589500AD4E46 /* KCIMTableViewCell.m */; };
		17B2C97124BD589500AD4E46 /* KCIMTableViewCell.xib in Resources */ = {isa = PBXBuildFile; fileRef = 17B2C96F24BD589500AD4E46 /* KCIMTableViewCell.xib */; };
		17B7F6F32504CF0F00EC0E68 /* NetWorkTool.m in Sources */ = {isa = PBXBuildFile; fileRef = 17B7F6F12504CF0E00EC0E68 /* NetWorkTool.m */; };
		17BBDD2624E2455000ACEC2F /* ZKSheet.m in Sources */ = {isa = PBXBuildFile; fileRef = 17BBDD2524E2455000ACEC2F /* ZKSheet.m */; };
		17BBDD2A24E24CA800ACEC2F /* KCResetPhoneNumberControllerViewController.m in Sources */ = {isa = PBXBuildFile; fileRef = 17BBDD2824E24CA800ACEC2F /* KCResetPhoneNumberControllerViewController.m */; };
		17BBDD2B24E24CA800ACEC2F /* KCResetPhoneNumberControllerViewController.xib in Resources */ = {isa = PBXBuildFile; fileRef = 17BBDD2924E24CA800ACEC2F /* KCResetPhoneNumberControllerViewController.xib */; };
		17BBDD2F24E24E4F00ACEC2F /* KCEditDetailViewController.m in Sources */ = {isa = PBXBuildFile; fileRef = 17BBDD2D24E24E4F00ACEC2F /* KCEditDetailViewController.m */; };
		17C62C5E2497B1DB0072617C /* UIButton+ZK.m in Sources */ = {isa = PBXBuildFile; fileRef = 17C62C5D2497B1DB0072617C /* UIButton+ZK.m */; };
		17C62C632497B25E0072617C /* ZKButtonModel.m in Sources */ = {isa = PBXBuildFile; fileRef = 17C62C622497B25E0072617C /* ZKButtonModel.m */; };
		17C62C662497B2F40072617C /* UIView+Extension.m in Sources */ = {isa = PBXBuildFile; fileRef = 17C62C652497B2F40072617C /* UIView+Extension.m */; };
		17CACFF6246A92DF00D4DB03 /* AppDelegate.m in Sources */ = {isa = PBXBuildFile; fileRef = 17CACFF5246A92DF00D4DB03 /* AppDelegate.m */; };
		17CACFFF246A92DF00D4DB03 /* Main.storyboard in Resources */ = {isa = PBXBuildFile; fileRef = 17CACFFD246A92DF00D4DB03 /* Main.storyboard */; };
		17CAD001246A92E100D4DB03 /* Assets.xcassets in Resources */ = {isa = PBXBuildFile; fileRef = 17CAD000246A92E100D4DB03 /* Assets.xcassets */; };
		17CAD004246A92E100D4DB03 /* LaunchScreen.storyboard in Resources */ = {isa = PBXBuildFile; fileRef = 17CAD002246A92E100D4DB03 /* LaunchScreen.storyboard */; };
		17CAD007246A92E100D4DB03 /* main.m in Sources */ = {isa = PBXBuildFile; fileRef = 17CAD006246A92E100D4DB03 /* main.m */; };
		17CAD011246A92E100D4DB03 /* KaiCancerPatientTests.m in Sources */ = {isa = PBXBuildFile; fileRef = 17CAD010246A92E100D4DB03 /* KaiCancerPatientTests.m */; };
		17CAD01C246A92E100D4DB03 /* KaiCancerPatientUITests.m in Sources */ = {isa = PBXBuildFile; fileRef = 17CAD01B246A92E100D4DB03 /* KaiCancerPatientUITests.m */; };
		17E933BC24A5075300679F09 /* PreLoginViewController.m in Sources */ = {isa = PBXBuildFile; fileRef = 17E933BA24A5075300679F09 /* PreLoginViewController.m */; };
		17E933BD24A5075300679F09 /* PreLoginViewController.xib in Resources */ = {isa = PBXBuildFile; fileRef = 17E933BB24A5075300679F09 /* PreLoginViewController.xib */; };
		17FAC6AD24C19586003F2CC2 /* KCUnRegisterViewController.m in Sources */ = {isa = PBXBuildFile; fileRef = 17FAC6AB24C19586003F2CC2 /* KCUnRegisterViewController.m */; };
		17FAC6AE24C19586003F2CC2 /* KCUnRegisterViewController.xib in Resources */ = {isa = PBXBuildFile; fileRef = 17FAC6AC24C19586003F2CC2 /* KCUnRegisterViewController.xib */; };
		FAC4C590E474E62623D433E9 /* libPods-KaiCancerPatient.a in Frameworks */ = {isa = PBXBuildFile; fileRef = A3605FB149D3583A7E809D7D /* libPods-KaiCancerPatient.a */; };
/* End PBXBuildFile section */

/* Begin PBXContainerItemProxy section */
		17CAD00D246A92E100D4DB03 /* PBXContainerItemProxy */ = {
			isa = PBXContainerItemProxy;
			containerPortal = 17CACFE9246A92DF00D4DB03 /* Project object */;
			proxyType = 1;
			remoteGlobalIDString = 17CACFF0246A92DF00D4DB03;
			remoteInfo = KaiCancerPatient;
		};
		17CAD018246A92E100D4DB03 /* PBXContainerItemProxy */ = {
			isa = PBXContainerItemProxy;
			containerPortal = 17CACFE9246A92DF00D4DB03 /* Project object */;
			proxyType = 1;
			remoteGlobalIDString = 17CACFF0246A92DF00D4DB03;
			remoteInfo = KaiCancerPatient;
		};
/* End PBXContainerItemProxy section */

/* Begin PBXFileReference section */
		1705C16824E91D6900790714 /* KCUserModel.h */ = {isa = PBXFileReference; lastKnownFileType = sourcecode.c.h; path = KCUserModel.h; sourceTree = "<group>"; };
		1705C16924E91D6900790714 /* KCUserModel.m */ = {isa = PBXFileReference; lastKnownFileType = sourcecode.c.objc; path = KCUserModel.m; sourceTree = "<group>"; };
		17102C0E24A1AE5300B828F9 /* KCMainViewController.h */ = {isa = PBXFileReference; lastKnownFileType = sourcecode.c.h; path = KCMainViewController.h; sourceTree = "<group>"; };
		17102C0F24A1AE5300B828F9 /* KCMainViewController.m */ = {isa = PBXFileReference; lastKnownFileType = sourcecode.c.objc; path = KCMainViewController.m; sourceTree = "<group>"; };
		17102C1024A1AE5300B828F9 /* KCMainViewController.xib */ = {isa = PBXFileReference; lastKnownFileType = file.xib; path = KCMainViewController.xib; sourceTree = "<group>"; };
		17102C1324A1AE6300B828F9 /* KCIMViewController.h */ = {isa = PBXFileReference; lastKnownFileType = sourcecode.c.h; path = KCIMViewController.h; sourceTree = "<group>"; };
		17102C1424A1AE6300B828F9 /* KCIMViewController.m */ = {isa = PBXFileReference; lastKnownFileType = sourcecode.c.objc; path = KCIMViewController.m; sourceTree = "<group>"; };
		17102C1524A1AE6300B828F9 /* KCIMViewController.xib */ = {isa = PBXFileReference; lastKnownFileType = file.xib; path = KCIMViewController.xib; sourceTree = "<group>"; };
		17102C1824A1AE7100B828F9 /* KCAccountViewController.h */ = {isa = PBXFileReference; lastKnownFileType = sourcecode.c.h; path = KCAccountViewController.h; sourceTree = "<group>"; };
		17102C1924A1AE7100B828F9 /* KCAccountViewController.m */ = {isa = PBXFileReference; lastKnownFileType = sourcecode.c.objc; path = KCAccountViewController.m; sourceTree = "<group>"; };
		17102C1A24A1AE7100B828F9 /* KCAccountViewController.xib */ = {isa = PBXFileReference; lastKnownFileType = file.xib; path = KCAccountViewController.xib; sourceTree = "<group>"; };
		17102C2224A1AE9300B828F9 /* KCEducationViewController.h */ = {isa = PBXFileReference; lastKnownFileType = sourcecode.c.h; path = KCEducationViewController.h; sourceTree = "<group>"; };
		17102C2324A1AE9300B828F9 /* KCEducationViewController.m */ = {isa = PBXFileReference; lastKnownFileType = sourcecode.c.objc; path = KCEducationViewController.m; sourceTree = "<group>"; };
		17102C2424A1AE9300B828F9 /* KCEducationViewController.xib */ = {isa = PBXFileReference; lastKnownFileType = file.xib; path = KCEducationViewController.xib; sourceTree = "<group>"; };
		17175FD624A0D5AD0067EF54 /* NSString+Hash.h */ = {isa = PBXFileReference; lastKnownFileType = sourcecode.c.h; path = "NSString+Hash.h"; sourceTree = "<group>"; };
		17175FD724A0D5AD0067EF54 /* NSString+Hash.m */ = {isa = PBXFileReference; lastKnownFileType = sourcecode.c.objc; path = "NSString+Hash.m"; sourceTree = "<group>"; };
		17175FD924A0D7960067EF54 /* NSDate+ZKDateTools.h */ = {isa = PBXFileReference; lastKnownFileType = sourcecode.c.h; path = "NSDate+ZKDateTools.h"; sourceTree = "<group>"; };
		17175FDA24A0D7960067EF54 /* NSDate+ZKDateTools.m */ = {isa = PBXFileReference; lastKnownFileType = sourcecode.c.objc; path = "NSDate+ZKDateTools.m"; sourceTree = "<group>"; };
		17175FDC24A0D81B0067EF54 /* EventCalender.h */ = {isa = PBXFileReference; lastKnownFileType = sourcecode.c.h; path = EventCalender.h; sourceTree = "<group>"; };
		17175FDD24A0D81B0067EF54 /* EventCalender.m */ = {isa = PBXFileReference; lastKnownFileType = sourcecode.c.objc; path = EventCalender.m; sourceTree = "<group>"; };
		17175FE224A0DA160067EF54 /* ZKDateTools.h */ = {isa = PBXFileReference; lastKnownFileType = sourcecode.c.h; path = ZKDateTools.h; sourceTree = "<group>"; };
		17175FE324A0DA160067EF54 /* ZKDateTools.m */ = {isa = PBXFileReference; lastKnownFileType = sourcecode.c.objc; path = ZKDateTools.m; sourceTree = "<group>"; };
		17175FE524A0E3830067EF54 /* ZKNavigationViewController.h */ = {isa = PBXFileReference; lastKnownFileType = sourcecode.c.h; path = ZKNavigationViewController.h; sourceTree = "<group>"; };
		17175FE624A0E3830067EF54 /* ZKNavigationViewController.m */ = {isa = PBXFileReference; lastKnownFileType = sourcecode.c.objc; path = ZKNavigationViewController.m; sourceTree = "<group>"; };
		17175FE824A0E3D50067EF54 /* ZKPageViewController.h */ = {isa = PBXFileReference; lastKnownFileType = sourcecode.c.h; path = ZKPageViewController.h; sourceTree = "<group>"; };
		17175FE924A0E3D50067EF54 /* ZKPageViewController.m */ = {isa = PBXFileReference; lastKnownFileType = sourcecode.c.objc; path = ZKPageViewController.m; sourceTree = "<group>"; };
		17175FEC24A0EA2F0067EF54 /* KCLoginViewController.h */ = {isa = PBXFileReference; lastKnownFileType = sourcecode.c.h; path = KCLoginViewController.h; sourceTree = "<group>"; };
		17175FED24A0EA2F0067EF54 /* KCLoginViewController.m */ = {isa = PBXFileReference; lastKnownFileType = sourcecode.c.objc; path = KCLoginViewController.m; sourceTree = "<group>"; };
		17175FEE24A0EA2F0067EF54 /* KCLoginViewController.xib */ = {isa = PBXFileReference; lastKnownFileType = file.xib; path = KCLoginViewController.xib; sourceTree = "<group>"; };
		17261B8224A9A04B00DB04E1 /* KCTextFeildTool.h */ = {isa = PBXFileReference; lastKnownFileType = sourcecode.c.h; path = KCTextFeildTool.h; sourceTree = "<group>"; };
		17261B8324A9A04B00DB04E1 /* KCTextFeildTool.m */ = {isa = PBXFileReference; lastKnownFileType = sourcecode.c.objc; path = KCTextFeildTool.m; sourceTree = "<group>"; };
		17261B8524A9A8F300DB04E1 /* KCCodeView.h */ = {isa = PBXFileReference; lastKnownFileType = sourcecode.c.h; path = KCCodeView.h; sourceTree = "<group>"; };
		17261B8624A9A8F300DB04E1 /* KCCodeView.m */ = {isa = PBXFileReference; lastKnownFileType = sourcecode.c.objc; path = KCCodeView.m; sourceTree = "<group>"; };
		17261B8824A9EFD900DB04E1 /* NetWork.plist */ = {isa = PBXFileReference; lastKnownFileType = text.plist.xml; path = NetWork.plist; sourceTree = "<group>"; };
		17261B8C24AAD5A300DB04E1 /* KCRegisterViewController.h */ = {isa = PBXFileReference; lastKnownFileType = sourcecode.c.h; path = KCRegisterViewController.h; sourceTree = "<group>"; };
		17261B8D24AAD5A300DB04E1 /* KCRegisterViewController.m */ = {isa = PBXFileReference; lastKnownFileType = sourcecode.c.objc; path = KCRegisterViewController.m; sourceTree = "<group>"; };
		17261B8E24AAD5A300DB04E1 /* KCRegisterViewController.xib */ = {isa = PBXFileReference; lastKnownFileType = file.xib; path = KCRegisterViewController.xib; sourceTree = "<group>"; };
		17261B9124AB175800DB04E1 /* KCVerifyCodeViewController.h */ = {isa = PBXFileReference; lastKnownFileType = sourcecode.c.h; path = KCVerifyCodeViewController.h; sourceTree = "<group>"; };
		17261B9224AB175800DB04E1 /* KCVerifyCodeViewController.m */ = {isa = PBXFileReference; lastKnownFileType = sourcecode.c.objc; path = KCVerifyCodeViewController.m; sourceTree = "<group>"; };
		17261B9324AB175800DB04E1 /* KCVerifyCodeViewController.xib */ = {isa = PBXFileReference; lastKnownFileType = file.xib; path = KCVerifyCodeViewController.xib; sourceTree = "<group>"; };
		17261B9724AC228000DB04E1 /* KCArticleTableViewCell.h */ = {isa = PBXFileReference; lastKnownFileType = sourcecode.c.h; path = KCArticleTableViewCell.h; sourceTree = "<group>"; };
		17261B9824AC228000DB04E1 /* KCArticleTableViewCell.m */ = {isa = PBXFileReference; lastKnownFileType = sourcecode.c.objc; path = KCArticleTableViewCell.m; sourceTree = "<group>"; };
		17261B9924AC228000DB04E1 /* KCArticleTableViewCell.xib */ = {isa = PBXFileReference; lastKnownFileType = file.xib; path = KCArticleTableViewCell.xib; sourceTree = "<group>"; };
		17261B9C24AC25C600DB04E1 /* KCArticleModel.h */ = {isa = PBXFileReference; lastKnownFileType = sourcecode.c.h; path = KCArticleModel.h; sourceTree = "<group>"; };
		17261B9D24AC25C600DB04E1 /* KCArticleModel.m */ = {isa = PBXFileReference; lastKnownFileType = sourcecode.c.objc; path = KCArticleModel.m; sourceTree = "<group>"; };
		17261B9F24AC353500DB04E1 /* KCArticleDetailViewController.h */ = {isa = PBXFileReference; lastKnownFileType = sourcecode.c.h; path = KCArticleDetailViewController.h; sourceTree = "<group>"; };
		17261BA024AC353500DB04E1 /* KCArticleDetailViewController.m */ = {isa = PBXFileReference; lastKnownFileType = sourcecode.c.objc; path = KCArticleDetailViewController.m; sourceTree = "<group>"; };
		17261BA124AC353500DB04E1 /* KCArticleDetailViewController.xib */ = {isa = PBXFileReference; lastKnownFileType = file.xib; path = KCArticleDetailViewController.xib; sourceTree = "<group>"; };
		17295DC824B56FBC0057CC8A /* KCConsultViewController.h */ = {isa = PBXFileReference; lastKnownFileType = sourcecode.c.h; path = KCConsultViewController.h; sourceTree = "<group>"; };
		17295DC924B56FBC0057CC8A /* KCConsultViewController.m */ = {isa = PBXFileReference; lastKnownFileType = sourcecode.c.objc; path = KCConsultViewController.m; sourceTree = "<group>"; };
		17295DCA24B56FBC0057CC8A /* KCConsultViewController.xib */ = {isa = PBXFileReference; lastKnownFileType = file.xib; path = KCConsultViewController.xib; sourceTree = "<group>"; };
		17295DCE24B6F1000057CC8A /* contentScrollView.h */ = {isa = PBXFileReference; lastKnownFileType = sourcecode.c.h; path = contentScrollView.h; sourceTree = "<group>"; };
		17295DCF24B6F1000057CC8A /* contentScrollView.m */ = {isa = PBXFileReference; lastKnownFileType = sourcecode.c.objc; path = contentScrollView.m; sourceTree = "<group>"; };
		17295DD124B6F1120057CC8A /* bottomScrollView.h */ = {isa = PBXFileReference; lastKnownFileType = sourcecode.c.h; path = bottomScrollView.h; sourceTree = "<group>"; };
		17295DD224B6F1120057CC8A /* bottomScrollView.m */ = {isa = PBXFileReference; lastKnownFileType = sourcecode.c.objc; path = bottomScrollView.m; sourceTree = "<group>"; };
		172E996724D2AA1400F899CA /* KCConsultCellTableViewCell.h */ = {isa = PBXFileReference; lastKnownFileType = sourcecode.c.h; path = KCConsultCellTableViewCell.h; sourceTree = "<group>"; };
		172E996824D2AA1400F899CA /* KCConsultCellTableViewCell.m */ = {isa = PBXFileReference; lastKnownFileType = sourcecode.c.objc; path = KCConsultCellTableViewCell.m; sourceTree = "<group>"; };
		172E996924D2AA1400F899CA /* KCConsultCellTableViewCell.xib */ = {isa = PBXFileReference; lastKnownFileType = file.xib; path = KCConsultCellTableViewCell.xib; sourceTree = "<group>"; };
		173B654C24A8CD8200B08094 /* passwordInViewController.h */ = {isa = PBXFileReference; lastKnownFileType = sourcecode.c.h; path = passwordInViewController.h; sourceTree = "<group>"; };
		173B654D24A8CD8200B08094 /* passwordInViewController.m */ = {isa = PBXFileReference; lastKnownFileType = sourcecode.c.objc; path = passwordInViewController.m; sourceTree = "<group>"; };
		173B654E24A8CD8200B08094 /* passwordInViewController.xib */ = {isa = PBXFileReference; lastKnownFileType = file.xib; path = passwordInViewController.xib; sourceTree = "<group>"; };
		173B655124A8D2F600B08094 /* KCResetPasswordViewController.h */ = {isa = PBXFileReference; lastKnownFileType = sourcecode.c.h; path = KCResetPasswordViewController.h; sourceTree = "<group>"; };
		173B655224A8D2F600B08094 /* KCResetPasswordViewController.m */ = {isa = PBXFileReference; lastKnownFileType = sourcecode.c.objc; path = KCResetPasswordViewController.m; sourceTree = "<group>"; };
		173B655324A8D2F600B08094 /* KCResetPasswordViewController.xib */ = {isa = PBXFileReference; lastKnownFileType = file.xib; path = KCResetPasswordViewController.xib; sourceTree = "<group>"; };
		175A9AA124A2F2840047207C /* CYLTabBarControllerConfig.h */ = {isa = PBXFileReference; lastKnownFileType = sourcecode.c.h; path = CYLTabBarControllerConfig.h; sourceTree = "<group>"; };
		175A9AA224A2F2840047207C /* CYLTabBarControllerConfig.m */ = {isa = PBXFileReference; lastKnownFileType = sourcecode.c.objc; path = CYLTabBarControllerConfig.m; sourceTree = "<group>"; };
		17B1174224D00F55007E2442 /* UIImage+ZK.h */ = {isa = PBXFileReference; lastKnownFileType = sourcecode.c.h; path = "UIImage+ZK.h"; sourceTree = "<group>"; };
		17B1174324D00F55007E2442 /* UIImage+ZK.m */ = {isa = PBXFileReference; lastKnownFileType = sourcecode.c.objc; path = "UIImage+ZK.m"; sourceTree = "<group>"; };
		17B2C96D24BD589500AD4E46 /* KCIMTableViewCell.h */ = {isa = PBXFileReference; lastKnownFileType = sourcecode.c.h; path = KCIMTableViewCell.h; sourceTree = "<group>"; };
		17B2C96E24BD589500AD4E46 /* KCIMTableViewCell.m */ = {isa = PBXFileReference; lastKnownFileType = sourcecode.c.objc; path = KCIMTableViewCell.m; sourceTree = "<group>"; };
		17B2C96F24BD589500AD4E46 /* KCIMTableViewCell.xib */ = {isa = PBXFileReference; lastKnownFileType = file.xib; path = KCIMTableViewCell.xib; sourceTree = "<group>"; };
		17B7F6F12504CF0E00EC0E68 /* NetWorkTool.m */ = {isa = PBXFileReference; fileEncoding = 4; lastKnownFileType = sourcecode.c.objc; path = NetWorkTool.m; sourceTree = "<group>"; };
		17B7F6F22504CF0F00EC0E68 /* NetWorkTool.h */ = {isa = PBXFileReference; fileEncoding = 4; lastKnownFileType = sourcecode.c.h; path = NetWorkTool.h; sourceTree = "<group>"; };
		17BBDD2424E2455000ACEC2F /* ZKSheet.h */ = {isa = PBXFileReference; lastKnownFileType = sourcecode.c.h; path = ZKSheet.h; sourceTree = "<group>"; };
		17BBDD2524E2455000ACEC2F /* ZKSheet.m */ = {isa = PBXFileReference; lastKnownFileType = sourcecode.c.objc; path = ZKSheet.m; sourceTree = "<group>"; };
		17BBDD2724E24CA800ACEC2F /* KCResetPhoneNumberControllerViewController.h */ = {isa = PBXFileReference; lastKnownFileType = sourcecode.c.h; path = KCResetPhoneNumberControllerViewController.h; sourceTree = "<group>"; };
		17BBDD2824E24CA800ACEC2F /* KCResetPhoneNumberControllerViewController.m */ = {isa = PBXFileReference; lastKnownFileType = sourcecode.c.objc; path = KCResetPhoneNumberControllerViewController.m; sourceTree = "<group>"; };
		17BBDD2924E24CA800ACEC2F /* KCResetPhoneNumberControllerViewController.xib */ = {isa = PBXFileReference; lastKnownFileType = file.xib; path = KCResetPhoneNumberControllerViewController.xib; sourceTree = "<group>"; };
		17BBDD2C24E24E4F00ACEC2F /* KCEditDetailViewController.h */ = {isa = PBXFileReference; lastKnownFileType = sourcecode.c.h; path = KCEditDetailViewController.h; sourceTree = "<group>"; };
		17BBDD2D24E24E4F00ACEC2F /* KCEditDetailViewController.m */ = {isa = PBXFileReference; lastKnownFileType = sourcecode.c.objc; path = KCEditDetailViewController.m; sourceTree = "<group>"; };
		17C62C5C2497B1DB0072617C /* UIButton+ZK.h */ = {isa = PBXFileReference; lastKnownFileType = sourcecode.c.h; path = "UIButton+ZK.h"; sourceTree = "<group>"; };
		17C62C5D2497B1DB0072617C /* UIButton+ZK.m */ = {isa = PBXFileReference; lastKnownFileType = sourcecode.c.objc; path = "UIButton+ZK.m"; sourceTree = "<group>"; };
		17C62C612497B25E0072617C /* ZKButtonModel.h */ = {isa = PBXFileReference; lastKnownFileType = sourcecode.c.h; path = ZKButtonModel.h; sourceTree = "<group>"; };
		17C62C622497B25E0072617C /* ZKButtonModel.m */ = {isa = PBXFileReference; lastKnownFileType = sourcecode.c.objc; path = ZKButtonModel.m; sourceTree = "<group>"; };
		17C62C642497B2F40072617C /* UIView+Extension.h */ = {isa = PBXFileReference; lastKnownFileType = sourcecode.c.h; path = "UIView+Extension.h"; sourceTree = "<group>"; };
		17C62C652497B2F40072617C /* UIView+Extension.m */ = {isa = PBXFileReference; lastKnownFileType = sourcecode.c.objc; path = "UIView+Extension.m"; sourceTree = "<group>"; };
		17C62C672497B3D80072617C /* ZKPrefixHeader.pch */ = {isa = PBXFileReference; lastKnownFileType = sourcecode.c.h; path = ZKPrefixHeader.pch; sourceTree = "<group>"; };
		17CACFF1246A92DF00D4DB03 /* KaiCancerPatient.app */ = {isa = PBXFileReference; explicitFileType = wrapper.application; includeInIndex = 0; path = KaiCancerPatient.app; sourceTree = BUILT_PRODUCTS_DIR; };
		17CACFF4246A92DF00D4DB03 /* AppDelegate.h */ = {isa = PBXFileReference; lastKnownFileType = sourcecode.c.h; path = AppDelegate.h; sourceTree = "<group>"; };
		17CACFF5246A92DF00D4DB03 /* AppDelegate.m */ = {isa = PBXFileReference; lastKnownFileType = sourcecode.c.objc; path = AppDelegate.m; sourceTree = "<group>"; };
		17CACFFE246A92DF00D4DB03 /* Base */ = {isa = PBXFileReference; lastKnownFileType = file.storyboard; name = Base; path = Base.lproj/Main.storyboard; sourceTree = "<group>"; };
		17CAD000246A92E100D4DB03 /* Assets.xcassets */ = {isa = PBXFileReference; lastKnownFileType = folder.assetcatalog; path = Assets.xcassets; sourceTree = "<group>"; };
		17CAD003246A92E100D4DB03 /* Base */ = {isa = PBXFileReference; lastKnownFileType = file.storyboard; name = Base; path = Base.lproj/LaunchScreen.storyboard; sourceTree = "<group>"; };
		17CAD005246A92E100D4DB03 /* Info.plist */ = {isa = PBXFileReference; lastKnownFileType = text.plist.xml; path = Info.plist; sourceTree = "<group>"; };
		17CAD006246A92E100D4DB03 /* main.m */ = {isa = PBXFileReference; lastKnownFileType = sourcecode.c.objc; path = main.m; sourceTree = "<group>"; };
		17CAD00C246A92E100D4DB03 /* KaiCancerPatientTests.xctest */ = {isa = PBXFileReference; explicitFileType = wrapper.cfbundle; includeInIndex = 0; path = KaiCancerPatientTests.xctest; sourceTree = BUILT_PRODUCTS_DIR; };
		17CAD010246A92E100D4DB03 /* KaiCancerPatientTests.m */ = {isa = PBXFileReference; lastKnownFileType = sourcecode.c.objc; path = KaiCancerPatientTests.m; sourceTree = "<group>"; };
		17CAD012246A92E100D4DB03 /* Info.plist */ = {isa = PBXFileReference; lastKnownFileType = text.plist.xml; path = Info.plist; sourceTree = "<group>"; };
		17CAD017246A92E100D4DB03 /* KaiCancerPatientUITests.xctest */ = {isa = PBXFileReference; explicitFileType = wrapper.cfbundle; includeInIndex = 0; path = KaiCancerPatientUITests.xctest; sourceTree = BUILT_PRODUCTS_DIR; };
		17CAD01B246A92E100D4DB03 /* KaiCancerPatientUITests.m */ = {isa = PBXFileReference; lastKnownFileType = sourcecode.c.objc; path = KaiCancerPatientUITests.m; sourceTree = "<group>"; };
		17CAD01D246A92E100D4DB03 /* Info.plist */ = {isa = PBXFileReference; lastKnownFileType = text.plist.xml; path = Info.plist; sourceTree = "<group>"; };
		17E933B924A5075300679F09 /* PreLoginViewController.h */ = {isa = PBXFileReference; lastKnownFileType = sourcecode.c.h; path = PreLoginViewController.h; sourceTree = "<group>"; };
		17E933BA24A5075300679F09 /* PreLoginViewController.m */ = {isa = PBXFileReference; lastKnownFileType = sourcecode.c.objc; path = PreLoginViewController.m; sourceTree = "<group>"; };
		17E933BB24A5075300679F09 /* PreLoginViewController.xib */ = {isa = PBXFileReference; lastKnownFileType = file.xib; path = PreLoginViewController.xib; sourceTree = "<group>"; };
		17FAC6AA24C19586003F2CC2 /* KCUnRegisterViewController.h */ = {isa = PBXFileReference; lastKnownFileType = sourcecode.c.h; path = KCUnRegisterViewController.h; sourceTree = "<group>"; };
		17FAC6AB24C19586003F2CC2 /* KCUnRegisterViewController.m */ = {isa = PBXFileReference; lastKnownFileType = sourcecode.c.objc; path = KCUnRegisterViewController.m; sourceTree = "<group>"; };
		17FAC6AC24C19586003F2CC2 /* KCUnRegisterViewController.xib */ = {isa = PBXFileReference; lastKnownFileType = file.xib; path = KCUnRegisterViewController.xib; sourceTree = "<group>"; };
		5B6EE0ED2B93BD523F2E112C /* Pods-KaiCancerPatient.debug.xcconfig */ = {isa = PBXFileReference; includeInIndex = 1; lastKnownFileType = text.xcconfig; name = "Pods-KaiCancerPatient.debug.xcconfig"; path = "Pods/Target Support Files/Pods-KaiCancerPatient/Pods-KaiCancerPatient.debug.xcconfig"; sourceTree = "<group>"; };
		A31EC6CDB94C9FA24D6FBDAC /* Pods-KaiCancerPatient.release.xcconfig */ = {isa = PBXFileReference; includeInIndex = 1; lastKnownFileType = text.xcconfig; name = "Pods-KaiCancerPatient.release.xcconfig"; path = "Pods/Target Support Files/Pods-KaiCancerPatient/Pods-KaiCancerPatient.release.xcconfig"; sourceTree = "<group>"; };
		A3605FB149D3583A7E809D7D /* libPods-KaiCancerPatient.a */ = {isa = PBXFileReference; explicitFileType = archive.ar; includeInIndex = 0; path = "libPods-KaiCancerPatient.a"; sourceTree = BUILT_PRODUCTS_DIR; };
/* End PBXFileReference section */

/* Begin PBXFrameworksBuildPhase section */
		17CACFEE246A92DF00D4DB03 /* Frameworks */ = {
			isa = PBXFrameworksBuildPhase;
			buildActionMask = 2147483647;
			files = (
				FAC4C590E474E62623D433E9 /* libPods-KaiCancerPatient.a in Frameworks */,
			);
			runOnlyForDeploymentPostprocessing = 0;
		};
		17CAD009246A92E100D4DB03 /* Frameworks */ = {
			isa = PBXFrameworksBuildPhase;
			buildActionMask = 2147483647;
			files = (
			);
			runOnlyForDeploymentPostprocessing = 0;
		};
		17CAD014246A92E100D4DB03 /* Frameworks */ = {
			isa = PBXFrameworksBuildPhase;
			buildActionMask = 2147483647;
			files = (
			);
			runOnlyForDeploymentPostprocessing = 0;
		};
/* End PBXFrameworksBuildPhase section */

/* Begin PBXGroup section */
		17102C0924A1ACAF00B828F9 /* Main */ = {
			isa = PBXGroup;
			children = (
				17102C0E24A1AE5300B828F9 /* KCMainViewController.h */,
				17102C0F24A1AE5300B828F9 /* KCMainViewController.m */,
				17102C1024A1AE5300B828F9 /* KCMainViewController.xib */,
			);
			name = Main;
			sourceTree = "<group>";
		};
		17102C0A24A1ACBB00B828F9 /* IM */ = {
			isa = PBXGroup;
			children = (
				17102C1324A1AE6300B828F9 /* KCIMViewController.h */,
				17102C1424A1AE6300B828F9 /* KCIMViewController.m */,
				17102C1524A1AE6300B828F9 /* KCIMViewController.xib */,
				17B2C96D24BD589500AD4E46 /* KCIMTableViewCell.h */,
				17B2C96E24BD589500AD4E46 /* KCIMTableViewCell.m */,
				17B2C96F24BD589500AD4E46 /* KCIMTableViewCell.xib */,
			);
			name = IM;
			sourceTree = "<group>";
		};
		17102C0B24A1ACC600B828F9 /* Account */ = {
			isa = PBXGroup;
			children = (
				17102C1824A1AE7100B828F9 /* KCAccountViewController.h */,
				17102C1924A1AE7100B828F9 /* KCAccountViewController.m */,
				17102C1A24A1AE7100B828F9 /* KCAccountViewController.xib */,
				17BBDD2724E24CA800ACEC2F /* KCResetPhoneNumberControllerViewController.h */,
				17BBDD2824E24CA800ACEC2F /* KCResetPhoneNumberControllerViewController.m */,
				17BBDD2924E24CA800ACEC2F /* KCResetPhoneNumberControllerViewController.xib */,
				17BBDD2C24E24E4F00ACEC2F /* KCEditDetailViewController.h */,
				17BBDD2D24E24E4F00ACEC2F /* KCEditDetailViewController.m */,
				1705C16824E91D6900790714 /* KCUserModel.h */,
				1705C16924E91D6900790714 /* KCUserModel.m */,
			);
			name = Account;
			sourceTree = "<group>";
		};
		17102C0C24A1ACD700B828F9 /* Consult */ = {
			isa = PBXGroup;
			children = (
				17295DC824B56FBC0057CC8A /* KCConsultViewController.h */,
				17295DC924B56FBC0057CC8A /* KCConsultViewController.m */,
				17295DCA24B56FBC0057CC8A /* KCConsultViewController.xib */,
				172E996724D2AA1400F899CA /* KCConsultCellTableViewCell.h */,
				172E996824D2AA1400F899CA /* KCConsultCellTableViewCell.m */,
				172E996924D2AA1400F899CA /* KCConsultCellTableViewCell.xib */,
			);
			name = Consult;
			sourceTree = "<group>";
		};
		17102C0D24A1AD1200B828F9 /* Education */ = {
			isa = PBXGroup;
			children = (
				17295DCD24B6F0C60057CC8A /* KCEduScrollView */,
				17261B9624AC221500DB04E1 /* KCArticleTable */,
				17102C2224A1AE9300B828F9 /* KCEducationViewController.h */,
				17102C2324A1AE9300B828F9 /* KCEducationViewController.m */,
				17102C2424A1AE9300B828F9 /* KCEducationViewController.xib */,
				17261B9F24AC353500DB04E1 /* KCArticleDetailViewController.h */,
				17261BA024AC353500DB04E1 /* KCArticleDetailViewController.m */,
				17261BA124AC353500DB04E1 /* KCArticleDetailViewController.xib */,
			);
			name = Education;
			sourceTree = "<group>";
		};
		17175FEB24A0E9E60067EF54 /* Login */ = {
			isa = PBXGroup;
			children = (
				17261B8B24AAD57200DB04E1 /* LoginPage */,
				17261B8A24AAD55500DB04E1 /* registerPage */,
			);
			name = Login;
			sourceTree = "<group>";
		};
		17261B8A24AAD55500DB04E1 /* registerPage */ = {
			isa = PBXGroup;
			children = (
				17261B8C24AAD5A300DB04E1 /* KCRegisterViewController.h */,
				17261B8D24AAD5A300DB04E1 /* KCRegisterViewController.m */,
				17261B8E24AAD5A300DB04E1 /* KCRegisterViewController.xib */,
				17FAC6AA24C19586003F2CC2 /* KCUnRegisterViewController.h */,
				17FAC6AB24C19586003F2CC2 /* KCUnRegisterViewController.m */,
				17FAC6AC24C19586003F2CC2 /* KCUnRegisterViewController.xib */,
			);
			name = registerPage;
			sourceTree = "<group>";
		};
		17261B8B24AAD57200DB04E1 /* LoginPage */ = {
			isa = PBXGroup;
			children = (
				17175FEC24A0EA2F0067EF54 /* KCLoginViewController.h */,
				17175FED24A0EA2F0067EF54 /* KCLoginViewController.m */,
				17175FEE24A0EA2F0067EF54 /* KCLoginViewController.xib */,
				17E933B924A5075300679F09 /* PreLoginViewController.h */,
				17E933BA24A5075300679F09 /* PreLoginViewController.m */,
				17E933BB24A5075300679F09 /* PreLoginViewController.xib */,
				173B654C24A8CD8200B08094 /* passwordInViewController.h */,
				173B654D24A8CD8200B08094 /* passwordInViewController.m */,
				173B654E24A8CD8200B08094 /* passwordInViewController.xib */,
				173B655124A8D2F600B08094 /* KCResetPasswordViewController.h */,
				173B655224A8D2F600B08094 /* KCResetPasswordViewController.m */,
				173B655324A8D2F600B08094 /* KCResetPasswordViewController.xib */,
				17261B9124AB175800DB04E1 /* KCVerifyCodeViewController.h */,
				17261B9224AB175800DB04E1 /* KCVerifyCodeViewController.m */,
				17261B9324AB175800DB04E1 /* KCVerifyCodeViewController.xib */,
			);
			name = LoginPage;
			sourceTree = "<group>";
		};
		17261B9624AC221500DB04E1 /* KCArticleTable */ = {
			isa = PBXGroup;
			children = (
				17261B9724AC228000DB04E1 /* KCArticleTableViewCell.h */,
				17261B9824AC228000DB04E1 /* KCArticleTableViewCell.m */,
				17261B9924AC228000DB04E1 /* KCArticleTableViewCell.xib */,
				17261B9C24AC25C600DB04E1 /* KCArticleModel.h */,
				17261B9D24AC25C600DB04E1 /* KCArticleModel.m */,
			);
			name = KCArticleTable;
			sourceTree = "<group>";
		};
		17295DCD24B6F0C60057CC8A /* KCEduScrollView */ = {
			isa = PBXGroup;
			children = (
				17295DCE24B6F1000057CC8A /* contentScrollView.h */,
				17295DCF24B6F1000057CC8A /* contentScrollView.m */,
				17295DD124B6F1120057CC8A /* bottomScrollView.h */,
				17295DD224B6F1120057CC8A /* bottomScrollView.m */,
			);
			name = KCEduScrollView;
			sourceTree = "<group>";
		};
		17C62C502497A68D0072617C /* Resources */ = {
			isa = PBXGroup;
			children = (
				17CAD000246A92E100D4DB03 /* Assets.xcassets */,
			);
			name = Resources;
			sourceTree = "<group>";
		};
		17C62C522497A6B90072617C /* Controllers */ = {
			isa = PBXGroup;
			children = (
				17102C0D24A1AD1200B828F9 /* Education */,
				17102C0C24A1ACD700B828F9 /* Consult */,
				17102C0B24A1ACC600B828F9 /* Account */,
				17102C0A24A1ACBB00B828F9 /* IM */,
				17102C0924A1ACAF00B828F9 /* Main */,
				17175FEB24A0E9E60067EF54 /* Login */,
			);
			name = Controllers;
			sourceTree = "<group>";
		};
		17C62C552497A7270072617C /* Base */ = {
			isa = PBXGroup;
			children = (
				17C62C5A2497A75D0072617C /* Categorys */,
				17C62C592497A7540072617C /* launch */,
				17C62C582497A74D0072617C /* header */,
				17C62C572497A7410072617C /* Controller */,
				17C62C562497A7340072617C /* Tools */,
			);
			name = Base;
			sourceTree = "<group>";
		};
		17C62C562497A7340072617C /* Tools */ = {
			isa = PBXGroup;
			children = (
				17175FDC24A0D81B0067EF54 /* EventCalender.h */,
				17175FDD24A0D81B0067EF54 /* EventCalender.m */,
				17B7F6F22504CF0F00EC0E68 /* NetWorkTool.h */,
				17B7F6F12504CF0E00EC0E68 /* NetWorkTool.m */,
				17175FE224A0DA160067EF54 /* ZKDateTools.h */,
				17175FE324A0DA160067EF54 /* ZKDateTools.m */,
				175A9AA124A2F2840047207C /* CYLTabBarControllerConfig.h */,
				175A9AA224A2F2840047207C /* CYLTabBarControllerConfig.m */,
				17261B8224A9A04B00DB04E1 /* KCTextFeildTool.h */,
				17261B8324A9A04B00DB04E1 /* KCTextFeildTool.m */,
				17261B8524A9A8F300DB04E1 /* KCCodeView.h */,
				17261B8624A9A8F300DB04E1 /* KCCodeView.m */,
				17261B8824A9EFD900DB04E1 /* NetWork.plist */,
				17BBDD2424E2455000ACEC2F /* ZKSheet.h */,
				17BBDD2524E2455000ACEC2F /* ZKSheet.m */,
			);
			name = Tools;
			sourceTree = "<group>";
		};
		17C62C572497A7410072617C /* Controller */ = {
			isa = PBXGroup;
			children = (
				17175FE524A0E3830067EF54 /* ZKNavigationViewController.h */,
				17175FE624A0E3830067EF54 /* ZKNavigationViewController.m */,
				17175FE824A0E3D50067EF54 /* ZKPageViewController.h */,
				17175FE924A0E3D50067EF54 /* ZKPageViewController.m */,
			);
			name = Controller;
			sourceTree = "<group>";
		};
		17C62C582497A74D0072617C /* header */ = {
			isa = PBXGroup;
			children = (
				17C62C672497B3D80072617C /* ZKPrefixHeader.pch */,
			);
			name = header;
			sourceTree = "<group>";
		};
		17C62C592497A7540072617C /* launch */ = {
			isa = PBXGroup;
			children = (
				17CAD002246A92E100D4DB03 /* LaunchScreen.storyboard */,
			);
			name = launch;
			sourceTree = "<group>";
		};
		17C62C5A2497A75D0072617C /* Categorys */ = {
			isa = PBXGroup;
			children = (
				17C62C5C2497B1DB0072617C /* UIButton+ZK.h */,
				17C62C5D2497B1DB0072617C /* UIButton+ZK.m */,
				17C62C612497B25E0072617C /* ZKButtonModel.h */,
				17C62C622497B25E0072617C /* ZKButtonModel.m */,
				17C62C642497B2F40072617C /* UIView+Extension.h */,
				17C62C652497B2F40072617C /* UIView+Extension.m */,
				17175FD624A0D5AD0067EF54 /* NSString+Hash.h */,
				17175FD724A0D5AD0067EF54 /* NSString+Hash.m */,
				17175FD924A0D7960067EF54 /* NSDate+ZKDateTools.h */,
				17175FDA24A0D7960067EF54 /* NSDate+ZKDateTools.m */,
				17B1174224D00F55007E2442 /* UIImage+ZK.h */,
				17B1174324D00F55007E2442 /* UIImage+ZK.m */,
			);
			name = Categorys;
			sourceTree = "<group>";
		};
		17C62C5B2497B0B60072617C /* AppCore */ = {
			isa = PBXGroup;
			children = (
				17CAD006246A92E100D4DB03 /* main.m */,
				17CAD005246A92E100D4DB03 /* Info.plist */,
				17CACFFD246A92DF00D4DB03 /* Main.storyboard */,
				17CACFF4246A92DF00D4DB03 /* AppDelegate.h */,
				17CACFF5246A92DF00D4DB03 /* AppDelegate.m */,
			);
			name = AppCore;
			sourceTree = "<group>";
		};
		17CACFE8246A92DF00D4DB03 = {
			isa = PBXGroup;
			children = (
				17CACFF3246A92DF00D4DB03 /* KaiCancerPatient */,
				17CAD00F246A92E100D4DB03 /* KaiCancerPatientTests */,
				17CAD01A246A92E100D4DB03 /* KaiCancerPatientUITests */,
				17CACFF2246A92DF00D4DB03 /* Products */,
				5CC5FACF946FF1EBF570FE75 /* Pods */,
				813908DF9A4C6012343DF5B1 /* Frameworks */,
			);
			sourceTree = "<group>";
		};
		17CACFF2246A92DF00D4DB03 /* Products */ = {
			isa = PBXGroup;
			children = (
				17CACFF1246A92DF00D4DB03 /* KaiCancerPatient.app */,
				17CAD00C246A92E100D4DB03 /* KaiCancerPatientTests.xctest */,
				17CAD017246A92E100D4DB03 /* KaiCancerPatientUITests.xctest */,
			);
			name = Products;
			sourceTree = "<group>";
		};
		17CACFF3246A92DF00D4DB03 /* KaiCancerPatient */ = {
			isa = PBXGroup;
			children = (
				17C62C5B2497B0B60072617C /* AppCore */,
				17C62C552497A7270072617C /* Base */,
				17C62C522497A6B90072617C /* Controllers */,
				17C62C502497A68D0072617C /* Resources */,
			);
			path = KaiCancerPatient;
			sourceTree = "<group>";
		};
		17CAD00F246A92E100D4DB03 /* KaiCancerPatientTests */ = {
			isa = PBXGroup;
			children = (
				17CAD010246A92E100D4DB03 /* KaiCancerPatientTests.m */,
				17CAD012246A92E100D4DB03 /* Info.plist */,
			);
			path = KaiCancerPatientTests;
			sourceTree = "<group>";
		};
		17CAD01A246A92E100D4DB03 /* KaiCancerPatientUITests */ = {
			isa = PBXGroup;
			children = (
				17CAD01B246A92E100D4DB03 /* KaiCancerPatientUITests.m */,
				17CAD01D246A92E100D4DB03 /* Info.plist */,
			);
			path = KaiCancerPatientUITests;
			sourceTree = "<group>";
		};
		5CC5FACF946FF1EBF570FE75 /* Pods */ = {
			isa = PBXGroup;
			children = (
				5B6EE0ED2B93BD523F2E112C /* Pods-KaiCancerPatient.debug.xcconfig */,
				A31EC6CDB94C9FA24D6FBDAC /* Pods-KaiCancerPatient.release.xcconfig */,
			);
			name = Pods;
			sourceTree = "<group>";
		};
		813908DF9A4C6012343DF5B1 /* Frameworks */ = {
			isa = PBXGroup;
			children = (
				A3605FB149D3583A7E809D7D /* libPods-KaiCancerPatient.a */,
			);
			name = Frameworks;
			sourceTree = "<group>";
		};
/* End PBXGroup section */

/* Begin PBXNativeTarget section */
		17CACFF0246A92DF00D4DB03 /* KaiCancerPatient */ = {
			isa = PBXNativeTarget;
			buildConfigurationList = 17CAD020246A92E100D4DB03 /* Build configuration list for PBXNativeTarget "KaiCancerPatient" */;
			buildPhases = (
				3366BE59A4EAFA8E26A2050B /* [CP] Check Pods Manifest.lock */,
				17CACFED246A92DF00D4DB03 /* Sources */,
				17CACFEE246A92DF00D4DB03 /* Frameworks */,
				17CACFEF246A92DF00D4DB03 /* Resources */,
				3DFA2881E2AF3EC387393237 /* [CP] Copy Pods Resources */,
			);
			buildRules = (
			);
			dependencies = (
			);
			name = KaiCancerPatient;
			productName = KaiCancerPatient;
			productReference = 17CACFF1246A92DF00D4DB03 /* KaiCancerPatient.app */;
			productType = "com.apple.product-type.application";
		};
		17CAD00B246A92E100D4DB03 /* KaiCancerPatientTests */ = {
			isa = PBXNativeTarget;
			buildConfigurationList = 17CAD023246A92E100D4DB03 /* Build configuration list for PBXNativeTarget "KaiCancerPatientTests" */;
			buildPhases = (
				17CAD008246A92E100D4DB03 /* Sources */,
				17CAD009246A92E100D4DB03 /* Frameworks */,
				17CAD00A246A92E100D4DB03 /* Resources */,
			);
			buildRules = (
			);
			dependencies = (
				17CAD00E246A92E100D4DB03 /* PBXTargetDependency */,
			);
			name = KaiCancerPatientTests;
			productName = KaiCancerPatientTests;
			productReference = 17CAD00C246A92E100D4DB03 /* KaiCancerPatientTests.xctest */;
			productType = "com.apple.product-type.bundle.unit-test";
		};
		17CAD016246A92E100D4DB03 /* KaiCancerPatientUITests */ = {
			isa = PBXNativeTarget;
			buildConfigurationList = 17CAD026246A92E100D4DB03 /* Build configuration list for PBXNativeTarget "KaiCancerPatientUITests" */;
			buildPhases = (
				17CAD013246A92E100D4DB03 /* Sources */,
				17CAD014246A92E100D4DB03 /* Frameworks */,
				17CAD015246A92E100D4DB03 /* Resources */,
			);
			buildRules = (
			);
			dependencies = (
				17CAD019246A92E100D4DB03 /* PBXTargetDependency */,
			);
			name = KaiCancerPatientUITests;
			productName = KaiCancerPatientUITests;
			productReference = 17CAD017246A92E100D4DB03 /* KaiCancerPatientUITests.xctest */;
			productType = "com.apple.product-type.bundle.ui-testing";
		};
/* End PBXNativeTarget section */

/* Begin PBXProject section */
		17CACFE9246A92DF00D4DB03 /* Project object */ = {
			isa = PBXProject;
			attributes = {
				LastUpgradeCheck = 1140;
				ORGANIZATIONNAME = CZK;
				TargetAttributes = {
					17CACFF0246A92DF00D4DB03 = {
						CreatedOnToolsVersion = 11.4.1;
					};
					17CAD00B246A92E100D4DB03 = {
						CreatedOnToolsVersion = 11.4.1;
						TestTargetID = 17CACFF0246A92DF00D4DB03;
					};
					17CAD016246A92E100D4DB03 = {
						CreatedOnToolsVersion = 11.4.1;
						TestTargetID = 17CACFF0246A92DF00D4DB03;
					};
				};
			};
			buildConfigurationList = 17CACFEC246A92DF00D4DB03 /* Build configuration list for PBXProject "KaiCancerPatient" */;
			compatibilityVersion = "Xcode 9.3";
			developmentRegion = en;
			hasScannedForEncodings = 0;
			knownRegions = (
				en,
				Base,
			);
			mainGroup = 17CACFE8246A92DF00D4DB03;
			productRefGroup = 17CACFF2246A92DF00D4DB03 /* Products */;
			projectDirPath = "";
			projectRoot = "";
			targets = (
				17CACFF0246A92DF00D4DB03 /* KaiCancerPatient */,
				17CAD00B246A92E100D4DB03 /* KaiCancerPatientTests */,
				17CAD016246A92E100D4DB03 /* KaiCancerPatientUITests */,
			);
		};
/* End PBXProject section */

/* Begin PBXResourcesBuildPhase section */
		17CACFEF246A92DF00D4DB03 /* Resources */ = {
			isa = PBXResourcesBuildPhase;
			buildActionMask = 2147483647;
			files = (
				17261BA324AC353500DB04E1 /* KCArticleDetailViewController.xib in Resources */,
				17261B9B24AC228000DB04E1 /* KCArticleTableViewCell.xib in Resources */,
				17102C1724A1AE6300B828F9 /* KCIMViewController.xib in Resources */,
				17261B9024AAD5A300DB04E1 /* KCRegisterViewController.xib in Resources */,
				17102C1224A1AE5300B828F9 /* KCMainViewController.xib in Resources */,
				17E933BD24A5075300679F09 /* PreLoginViewController.xib in Resources */,
				17102C2624A1AE9300B828F9 /* KCEducationViewController.xib in Resources */,
				17BBDD2B24E24CA800ACEC2F /* KCResetPhoneNumberControllerViewController.xib in Resources */,
				173B655024A8CD8200B08094 /* passwordInViewController.xib in Resources */,
				17FAC6AE24C19586003F2CC2 /* KCUnRegisterViewController.xib in Resources */,
				17175FF024A0EA2F0067EF54 /* KCLoginViewController.xib in Resources */,
				17CAD004246A92E100D4DB03 /* LaunchScreen.storyboard in Resources */,
				17CAD001246A92E100D4DB03 /* Assets.xcassets in Resources */,
				17261B9524AB175800DB04E1 /* KCVerifyCodeViewController.xib in Resources */,
				17CACFFF246A92DF00D4DB03 /* Main.storyboard in Resources */,
				17B2C97124BD589500AD4E46 /* KCIMTableViewCell.xib in Resources */,
				17102C1C24A1AE7100B828F9 /* KCAccountViewController.xib in Resources */,
				172E996B24D2AA1400F899CA /* KCConsultCellTableViewCell.xib in Resources */,
				173B655524A8D2F600B08094 /* KCResetPasswordViewController.xib in Resources */,
				17295DCC24B56FBC0057CC8A /* KCConsultViewController.xib in Resources */,
				17261B8924A9EFD900DB04E1 /* NetWork.plist in Resources */,
			);
			runOnlyForDeploymentPostprocessing = 0;
		};
		17CAD00A246A92E100D4DB03 /* Resources */ = {
			isa = PBXResourcesBuildPhase;
			buildActionMask = 2147483647;
			files = (
			);
			runOnlyForDeploymentPostprocessing = 0;
		};
		17CAD015246A92E100D4DB03 /* Resources */ = {
			isa = PBXResourcesBuildPhase;
			buildActionMask = 2147483647;
			files = (
			);
			runOnlyForDeploymentPostprocessing = 0;
		};
/* End PBXResourcesBuildPhase section */

/* Begin PBXShellScriptBuildPhase section */
		3366BE59A4EAFA8E26A2050B /* [CP] Check Pods Manifest.lock */ = {
			isa = PBXShellScriptBuildPhase;
			buildActionMask = 2147483647;
			files = (
			);
			inputPaths = (
				"${PODS_PODFILE_DIR_PATH}/Podfile.lock",
				"${PODS_ROOT}/Manifest.lock",
			);
			name = "[CP] Check Pods Manifest.lock";
			outputPaths = (
				"$(DERIVED_FILE_DIR)/Pods-KaiCancerPatient-checkManifestLockResult.txt",
			);
			runOnlyForDeploymentPostprocessing = 0;
			shellPath = /bin/sh;
			shellScript = "diff \"${PODS_PODFILE_DIR_PATH}/Podfile.lock\" \"${PODS_ROOT}/Manifest.lock\" > /dev/null\nif [ $? != 0 ] ; then\n    # print error to STDERR\n    echo \"error: The sandbox is not in sync with the Podfile.lock. Run 'pod install' or update your CocoaPods installation.\" >&2\n    exit 1\nfi\n# This output is used by Xcode 'outputs' to avoid re-running this script phase.\necho \"SUCCESS\" > \"${SCRIPT_OUTPUT_FILE_0}\"\n";
			showEnvVarsInLog = 0;
		};
		3DFA2881E2AF3EC387393237 /* [CP] Copy Pods Resources */ = {
			isa = PBXShellScriptBuildPhase;
			buildActionMask = 2147483647;
			files = (
			);
			inputPaths = (
				"${SRCROOT}/Pods/Target Support Files/Pods-KaiCancerPatient/Pods-KaiCancerPatient-resources.sh",
				"${PODS_ROOT}/MJRefresh/MJRefresh/MJRefresh.bundle",
				"${PODS_ROOT}/SVProgressHUD/SVProgressHUD/SVProgressHUD.bundle",
			);
			name = "[CP] Copy Pods Resources";
			outputPaths = (
				"${TARGET_BUILD_DIR}/${UNLOCALIZED_RESOURCES_FOLDER_PATH}/MJRefresh.bundle",
				"${TARGET_BUILD_DIR}/${UNLOCALIZED_RESOURCES_FOLDER_PATH}/SVProgressHUD.bundle",
			);
			runOnlyForDeploymentPostprocessing = 0;
			shellPath = /bin/sh;
			shellScript = "\"${SRCROOT}/Pods/Target Support Files/Pods-KaiCancerPatient/Pods-KaiCancerPatient-resources.sh\"\n";
			showEnvVarsInLog = 0;
		};
/* End PBXShellScriptBuildPhase section */

/* Begin PBXSourcesBuildPhase section */
		17CACFED246A92DF00D4DB03 /* Sources */ = {
			isa = PBXSourcesBuildPhase;
			buildActionMask = 2147483647;
			files = (
				173B654F24A8CD8200B08094 /* passwordInViewController.m in Sources */,
				17B1174424D00F55007E2442 /* UIImage+ZK.m in Sources */,
				17102C1B24A1AE7100B828F9 /* KCAccountViewController.m in Sources */,
				17175FD824A0D5AD0067EF54 /* NSString+Hash.m in Sources */,
				17102C1624A1AE6300B828F9 /* KCIMViewController.m in Sources */,
				17E933BC24A5075300679F09 /* PreLoginViewController.m in Sources */,
				17295DD024B6F1000057CC8A /* contentScrollView.m in Sources */,
				173B655424A8D2F600B08094 /* KCResetPasswordViewController.m in Sources */,
				17295DCB24B56FBC0057CC8A /* KCConsultViewController.m in Sources */,
				17261B8724A9A8F300DB04E1 /* KCCodeView.m in Sources */,
				175A9AA324A2F2840047207C /* CYLTabBarControllerConfig.m in Sources */,
				17102C1124A1AE5300B828F9 /* KCMainViewController.m in Sources */,
				17295DD324B6F1120057CC8A /* bottomScrollView.m in Sources */,
				17175FE424A0DA160067EF54 /* ZKDateTools.m in Sources */,
				17C62C662497B2F40072617C /* UIView+Extension.m in Sources */,
				17175FDE24A0D81B0067EF54 /* EventCalender.m in Sources */,
				17CACFF6246A92DF00D4DB03 /* AppDelegate.m in Sources */,
				17C62C5E2497B1DB0072617C /* UIButton+ZK.m in Sources */,
				17261B9A24AC228000DB04E1 /* KCArticleTableViewCell.m in Sources */,
				17BBDD2624E2455000ACEC2F /* ZKSheet.m in Sources */,
				1705C16A24E91D6900790714 /* KCUserModel.m in Sources */,
				17175FDB24A0D7960067EF54 /* NSDate+ZKDateTools.m in Sources */,
				17CAD007246A92E100D4DB03 /* main.m in Sources */,
				17B7F6F32504CF0F00EC0E68 /* NetWorkTool.m in Sources */,
				17261B9424AB175800DB04E1 /* KCVerifyCodeViewController.m in Sources */,
				17B2C97024BD589500AD4E46 /* KCIMTableViewCell.m in Sources */,
				17261B8424A9A04B00DB04E1 /* KCTextFeildTool.m in Sources */,
				172E996A24D2AA1400F899CA /* KCConsultCellTableViewCell.m in Sources */,
				17261B8F24AAD5A300DB04E1 /* KCRegisterViewController.m in Sources */,
				17FAC6AD24C19586003F2CC2 /* KCUnRegisterViewController.m in Sources */,
				17261B9E24AC25C600DB04E1 /* KCArticleModel.m in Sources */,
				17175FEF24A0EA2F0067EF54 /* KCLoginViewController.m in Sources */,
				17102C2524A1AE9300B828F9 /* KCEducationViewController.m in Sources */,
				17C62C632497B25E0072617C /* ZKButtonModel.m in Sources */,
				17BBDD2F24E24E4F00ACEC2F /* KCEditDetailViewController.m in Sources */,
				17261BA224AC353500DB04E1 /* KCArticleDetailViewController.m in Sources */,
				17175FEA24A0E3D50067EF54 /* ZKPageViewController.m in Sources */,
				17BBDD2A24E24CA800ACEC2F /* KCResetPhoneNumberControllerViewController.m in Sources */,
				17175FE724A0E3830067EF54 /* ZKNavigationViewController.m in Sources */,
			);
			runOnlyForDeploymentPostprocessing = 0;
		};
		17CAD008246A92E100D4DB03 /* Sources */ = {
			isa = PBXSourcesBuildPhase;
			buildActionMask = 2147483647;
			files = (
				17CAD011246A92E100D4DB03 /* KaiCancerPatientTests.m in Sources */,
			);
			runOnlyForDeploymentPostprocessing = 0;
		};
		17CAD013246A92E100D4DB03 /* Sources */ = {
			isa = PBXSourcesBuildPhase;
			buildActionMask = 2147483647;
			files = (
				17CAD01C246A92E100D4DB03 /* KaiCancerPatientUITests.m in Sources */,
			);
			runOnlyForDeploymentPostprocessing = 0;
		};
/* End PBXSourcesBuildPhase section */

/* Begin PBXTargetDependency section */
		17CAD00E246A92E100D4DB03 /* PBXTargetDependency */ = {
			isa = PBXTargetDependency;
			target = 17CACFF0246A92DF00D4DB03 /* KaiCancerPatient */;
			targetProxy = 17CAD00D246A92E100D4DB03 /* PBXContainerItemProxy */;
		};
		17CAD019246A92E100D4DB03 /* PBXTargetDependency */ = {
			isa = PBXTargetDependency;
			target = 17CACFF0246A92DF00D4DB03 /* KaiCancerPatient */;
			targetProxy = 17CAD018246A92E100D4DB03 /* PBXContainerItemProxy */;
		};
/* End PBXTargetDependency section */

/* Begin PBXVariantGroup section */
		17CACFFD246A92DF00D4DB03 /* Main.storyboard */ = {
			isa = PBXVariantGroup;
			children = (
				17CACFFE246A92DF00D4DB03 /* Base */,
			);
			name = Main.storyboard;
			sourceTree = "<group>";
		};
		17CAD002246A92E100D4DB03 /* LaunchScreen.storyboard */ = {
			isa = PBXVariantGroup;
			children = (
				17CAD003246A92E100D4DB03 /* Base */,
			);
			name = LaunchScreen.storyboard;
			sourceTree = "<group>";
		};
/* End PBXVariantGroup section */

/* Begin XCBuildConfiguration section */
		17CAD01E246A92E100D4DB03 /* Debug */ = {
			isa = XCBuildConfiguration;
			buildSettings = {
				ALWAYS_SEARCH_USER_PATHS = NO;
				CLANG_ANALYZER_NONNULL = YES;
				CLANG_ANALYZER_NUMBER_OBJECT_CONVERSION = YES_AGGRESSIVE;
				CLANG_CXX_LANGUAGE_STANDARD = "gnu++14";
				CLANG_CXX_LIBRARY = "libc++";
				CLANG_ENABLE_MODULES = YES;
				CLANG_ENABLE_OBJC_ARC = YES;
				CLANG_ENABLE_OBJC_WEAK = YES;
				CLANG_WARN_BLOCK_CAPTURE_AUTORELEASING = YES;
				CLANG_WARN_BOOL_CONVERSION = YES;
				CLANG_WARN_COMMA = YES;
				CLANG_WARN_CONSTANT_CONVERSION = YES;
				CLANG_WARN_DEPRECATED_OBJC_IMPLEMENTATIONS = YES;
				CLANG_WARN_DIRECT_OBJC_ISA_USAGE = YES_ERROR;
				CLANG_WARN_DOCUMENTATION_COMMENTS = YES;
				CLANG_WARN_EMPTY_BODY = YES;
				CLANG_WARN_ENUM_CONVERSION = YES;
				CLANG_WARN_INFINITE_RECURSION = YES;
				CLANG_WARN_INT_CONVERSION = YES;
				CLANG_WARN_NON_LITERAL_NULL_CONVERSION = YES;
				CLANG_WARN_OBJC_IMPLICIT_RETAIN_SELF = YES;
				CLANG_WARN_OBJC_LITERAL_CONVERSION = YES;
				CLANG_WARN_OBJC_ROOT_CLASS = YES_ERROR;
				CLANG_WARN_RANGE_LOOP_ANALYSIS = YES;
				CLANG_WARN_STRICT_PROTOTYPES = YES;
				CLANG_WARN_SUSPICIOUS_MOVE = YES;
				CLANG_WARN_UNGUARDED_AVAILABILITY = YES_AGGRESSIVE;
				CLANG_WARN_UNREACHABLE_CODE = YES;
				CLANG_WARN__DUPLICATE_METHOD_MATCH = YES;
				COPY_PHASE_STRIP = NO;
				DEBUG_INFORMATION_FORMAT = dwarf;
				ENABLE_STRICT_OBJC_MSGSEND = YES;
				ENABLE_TESTABILITY = YES;
				GCC_C_LANGUAGE_STANDARD = gnu11;
				GCC_DYNAMIC_NO_PIC = NO;
				GCC_NO_COMMON_BLOCKS = YES;
				GCC_OPTIMIZATION_LEVEL = 0;
				GCC_PREPROCESSOR_DEFINITIONS = (
					"DEBUG=1",
					"$(inherited)",
				);
				GCC_WARN_64_TO_32_BIT_CONVERSION = YES;
				GCC_WARN_ABOUT_RETURN_TYPE = YES_ERROR;
				GCC_WARN_UNDECLARED_SELECTOR = YES;
				GCC_WARN_UNINITIALIZED_AUTOS = YES_AGGRESSIVE;
				GCC_WARN_UNUSED_FUNCTION = YES;
				GCC_WARN_UNUSED_VARIABLE = YES;
				IPHONEOS_DEPLOYMENT_TARGET = 13.4;
				MTL_ENABLE_DEBUG_INFO = INCLUDE_SOURCE;
				MTL_FAST_MATH = YES;
				ONLY_ACTIVE_ARCH = YES;
				SDKROOT = iphoneos;
			};
			name = Debug;
		};
		17CAD01F246A92E100D4DB03 /* Release */ = {
			isa = XCBuildConfiguration;
			buildSettings = {
				ALWAYS_SEARCH_USER_PATHS = NO;
				CLANG_ANALYZER_NONNULL = YES;
				CLANG_ANALYZER_NUMBER_OBJECT_CONVERSION = YES_AGGRESSIVE;
				CLANG_CXX_LANGUAGE_STANDARD = "gnu++14";
				CLANG_CXX_LIBRARY = "libc++";
				CLANG_ENABLE_MODULES = YES;
				CLANG_ENABLE_OBJC_ARC = YES;
				CLANG_ENABLE_OBJC_WEAK = YES;
				CLANG_WARN_BLOCK_CAPTURE_AUTORELEASING = YES;
				CLANG_WARN_BOOL_CONVERSION = YES;
				CLANG_WARN_COMMA = YES;
				CLANG_WARN_CONSTANT_CONVERSION = YES;
				CLANG_WARN_DEPRECATED_OBJC_IMPLEMENTATIONS = YES;
				CLANG_WARN_DIRECT_OBJC_ISA_USAGE = YES_ERROR;
				CLANG_WARN_DOCUMENTATION_COMMENTS = YES;
				CLANG_WARN_EMPTY_BODY = YES;
				CLANG_WARN_ENUM_CONVERSION = YES;
				CLANG_WARN_INFINITE_RECURSION = YES;
				CLANG_WARN_INT_CONVERSION = YES;
				CLANG_WARN_NON_LITERAL_NULL_CONVERSION = YES;
				CLANG_WARN_OBJC_IMPLICIT_RETAIN_SELF = YES;
				CLANG_WARN_OBJC_LITERAL_CONVERSION = YES;
				CLANG_WARN_OBJC_ROOT_CLASS = YES_ERROR;
				CLANG_WARN_RANGE_LOOP_ANALYSIS = YES;
				CLANG_WARN_STRICT_PROTOTYPES = YES;
				CLANG_WARN_SUSPICIOUS_MOVE = YES;
				CLANG_WARN_UNGUARDED_AVAILABILITY = YES_AGGRESSIVE;
				CLANG_WARN_UNREACHABLE_CODE = YES;
				CLANG_WARN__DUPLICATE_METHOD_MATCH = YES;
				COPY_PHASE_STRIP = NO;
				DEBUG_INFORMATION_FORMAT = "dwarf-with-dsym";
				ENABLE_NS_ASSERTIONS = NO;
				ENABLE_STRICT_OBJC_MSGSEND = YES;
				GCC_C_LANGUAGE_STANDARD = gnu11;
				GCC_NO_COMMON_BLOCKS = YES;
				GCC_WARN_64_TO_32_BIT_CONVERSION = YES;
				GCC_WARN_ABOUT_RETURN_TYPE = YES_ERROR;
				GCC_WARN_UNDECLARED_SELECTOR = YES;
				GCC_WARN_UNINITIALIZED_AUTOS = YES_AGGRESSIVE;
				GCC_WARN_UNUSED_FUNCTION = YES;
				GCC_WARN_UNUSED_VARIABLE = YES;
				IPHONEOS_DEPLOYMENT_TARGET = 13.4;
				MTL_ENABLE_DEBUG_INFO = NO;
				MTL_FAST_MATH = YES;
				SDKROOT = iphoneos;
				VALIDATE_PRODUCT = YES;
			};
			name = Release;
		};
		17CAD021246A92E100D4DB03 /* Debug */ = {
			isa = XCBuildConfiguration;
			baseConfigurationReference = 5B6EE0ED2B93BD523F2E112C /* Pods-KaiCancerPatient.debug.xcconfig */;
			buildSettings = {
				ASSETCATALOG_COMPILER_APPICON_NAME = AppIcon;
				CODE_SIGN_STYLE = Automatic;
				DEVELOPMENT_TEAM = 3XQS9N4AVQ;
				GCC_PREFIX_HEADER = "$(SRCROOT)/KaiCancerPatient/ZKPrefixHeader.pch";
				INFOPLIST_FILE = KaiCancerPatient/Info.plist;
				LD_RUNPATH_SEARCH_PATHS = (
					"$(inherited)",
					"@executable_path/Frameworks",
				);
				PRODUCT_BUNDLE_IDENTIFIER = sichuancancer.KaiCancerPatient;
				PRODUCT_NAME = "$(TARGET_NAME)";
				TARGETED_DEVICE_FAMILY = "1,2";
			};
			name = Debug;
		};
		17CAD022246A92E100D4DB03 /* Release */ = {
			isa = XCBuildConfiguration;
			baseConfigurationReference = A31EC6CDB94C9FA24D6FBDAC /* Pods-KaiCancerPatient.release.xcconfig */;
			buildSettings = {
				ASSETCATALOG_COMPILER_APPICON_NAME = AppIcon;
				CODE_SIGN_STYLE = Automatic;
				DEVELOPMENT_TEAM = 3XQS9N4AVQ;
				GCC_PREFIX_HEADER = "$(SRCROOT)/KaiCancerPatient/ZKPrefixHeader.pch";
				INFOPLIST_FILE = KaiCancerPatient/Info.plist;
				LD_RUNPATH_SEARCH_PATHS = (
					"$(inherited)",
					"@executable_path/Frameworks",
				);
				PRODUCT_BUNDLE_IDENTIFIER = sichuancancer.KaiCancerPatient;
				PRODUCT_NAME = "$(TARGET_NAME)";
				TARGETED_DEVICE_FAMILY = "1,2";
			};
			name = Release;
		};
		17CAD024246A92E100D4DB03 /* Debug */ = {
			isa = XCBuildConfiguration;
			buildSettings = {
				BUNDLE_LOADER = "$(TEST_HOST)";
				CODE_SIGN_STYLE = Automatic;
				DEVELOPMENT_TEAM = 3XQS9N4AVQ;
				INFOPLIST_FILE = KaiCancerPatientTests/Info.plist;
				IPHONEOS_DEPLOYMENT_TARGET = 13.4;
				LD_RUNPATH_SEARCH_PATHS = (
					"$(inherited)",
					"@executable_path/Frameworks",
					"@loader_path/Frameworks",
				);
				PRODUCT_BUNDLE_IDENTIFIER = sichuancancer.KaiCancerPatientTests;
				PRODUCT_NAME = "$(TARGET_NAME)";
				TARGETED_DEVICE_FAMILY = "1,2";
				TEST_HOST = "$(BUILT_PRODUCTS_DIR)/KaiCancerPatient.app/KaiCancerPatient";
			};
			name = Debug;
		};
		17CAD025246A92E100D4DB03 /* Release */ = {
			isa = XCBuildConfiguration;
			buildSettings = {
				BUNDLE_LOADER = "$(TEST_HOST)";
				CODE_SIGN_STYLE = Automatic;
				DEVELOPMENT_TEAM = 3XQS9N4AVQ;
				INFOPLIST_FILE = KaiCancerPatientTests/Info.plist;
				IPHONEOS_DEPLOYMENT_TARGET = 13.4;
				LD_RUNPATH_SEARCH_PATHS = (
					"$(inherited)",
					"@executable_path/Frameworks",
					"@loader_path/Frameworks",
				);
				PRODUCT_BUNDLE_IDENTIFIER = sichuancancer.KaiCancerPatientTests;
				PRODUCT_NAME = "$(TARGET_NAME)";
				TARGETED_DEVICE_FAMILY = "1,2";
				TEST_HOST = "$(BUILT_PRODUCTS_DIR)/KaiCancerPatient.app/KaiCancerPatient";
			};
			name = Release;
		};
		17CAD027246A92E100D4DB03 /* Debug */ = {
			isa = XCBuildConfiguration;
			buildSettings = {
				CODE_SIGN_STYLE = Automatic;
				DEVELOPMENT_TEAM = 3XQS9N4AVQ;
				INFOPLIST_FILE = KaiCancerPatientUITests/Info.plist;
				LD_RUNPATH_SEARCH_PATHS = (
					"$(inherited)",
					"@executable_path/Frameworks",
					"@loader_path/Frameworks",
				);
				PRODUCT_BUNDLE_IDENTIFIER = sichuancancer.KaiCancerPatientUITests;
				PRODUCT_NAME = "$(TARGET_NAME)";
				TARGETED_DEVICE_FAMILY = "1,2";
				TEST_TARGET_NAME = KaiCancerPatient;
			};
			name = Debug;
		};
		17CAD028246A92E100D4DB03 /* Release */ = {
			isa = XCBuildConfiguration;
			buildSettings = {
				CODE_SIGN_STYLE = Automatic;
				DEVELOPMENT_TEAM = 3XQS9N4AVQ;
				INFOPLIST_FILE = KaiCancerPatientUITests/Info.plist;
				LD_RUNPATH_SEARCH_PATHS = (
					"$(inherited)",
					"@executable_path/Frameworks",
					"@loader_path/Frameworks",
				);
				PRODUCT_BUNDLE_IDENTIFIER = sichuancancer.KaiCancerPatientUITests;
				PRODUCT_NAME = "$(TARGET_NAME)";
				TARGETED_DEVICE_FAMILY = "1,2";
				TEST_TARGET_NAME = KaiCancerPatient;
			};
			name = Release;
		};
/* End XCBuildConfiguration section */

/* Begin XCConfigurationList section */
		17CACFEC246A92DF00D4DB03 /* Build configuration list for PBXProject "KaiCancerPatient" */ = {
			isa = XCConfigurationList;
			buildConfigurations = (
				17CAD01E246A92E100D4DB03 /* Debug */,
				17CAD01F246A92E100D4DB03 /* Release */,
			);
			defaultConfigurationIsVisible = 0;
			defaultConfigurationName = Release;
		};
		17CAD020246A92E100D4DB03 /* Build configuration list for PBXNativeTarget "KaiCancerPatient" */ = {
			isa = XCConfigurationList;
			buildConfigurations = (
				17CAD021246A92E100D4DB03 /* Debug */,
				17CAD022246A92E100D4DB03 /* Release */,
			);
			defaultConfigurationIsVisible = 0;
			defaultConfigurationName = Release;
		};
		17CAD023246A92E100D4DB03 /* Build configuration list for PBXNativeTarget "KaiCancerPatientTests" */ = {
			isa = XCConfigurationList;
			buildConfigurations = (
				17CAD024246A92E100D4DB03 /* Debug */,
				17CAD025246A92E100D4DB03 /* Release */,
			);
			defaultConfigurationIsVisible = 0;
			defaultConfigurationName = Release;
		};
		17CAD026246A92E100D4DB03 /* Build configuration list for PBXNativeTarget "KaiCancerPatientUITests" */ = {
			isa = XCConfigurationList;
			buildConfigurations = (
				17CAD027246A92E100D4DB03 /* Debug */,
				17CAD028246A92E100D4DB03 /* Release */,
			);
			defaultConfigurationIsVisible = 0;
			defaultConfigurationName = Release;
		};
/* End XCConfigurationList section */
	};
	rootObject = 17CACFE9246A92DF00D4DB03 /* Project object */;
}
